
Microsoft Visual Studio Solution File, Format Version 12.00
# Visual Studio Version 16
VisualStudioVersion = 16.0.30907.101
MinimumVisualStudioVersion = 10.0.40219.1
Project("{9A19103F-16F7-4668-BE54-9A1E7A4F7556}") = "TodoBlazorElectron", "TodoBlazorElectron\TodoBlazorElectron.csproj", "{5C751C99-BA12-42FB-B768-5C561262A843}"
EndProject
Project("{FAE04EC0-301F-11D3-BF4B-00C04F79EFBC}") = "TodoBlazorElectron.Tests", "TodoBlazorElectron.Tests\TodoBlazorElectron.Tests.csproj", "{C52F4388-422E-453B-AECF-7678A92B970E}"
EndProject
Global
	GlobalSection(SolutionConfigurationPlatforms) = preSolution
		Debug|Any CPU = Debug|Any CPU
		Release|Any CPU = Release|Any CPU
	EndGlobalSection
	GlobalSection(ProjectConfigurationPlatforms) = postSolution
		{5C751C99-BA12-42FB-B768-5C561262A843}.Debug|Any CPU.ActiveCfg = Debug|Any CPU
		{5C751C99-BA12-42FB-B768-5C561262A843}.Debug|Any CPU.Build.0 = Debug|Any CPU
		{5C751C99-BA12-42FB-B768-5C561262A843}.Release|Any CPU.ActiveCfg = Release|Any CPU
		{5C751C99-BA12-42FB-B768-5C561262A843}.Release|Any CPU.Build.0 = Release|Any CPU
		{C52F4388-422E-453B-AECF-7678A92B970E}.Debug|Any CPU.ActiveCfg = Debug|Any CPU
		{C52F4388-422E-453B-AECF-7678A92B970E}.Debug|Any CPU.Build.0 = Debug|Any CPU
		{C52F4388-422E-453B-AECF-7678A92B970E}.Release|Any CPU.ActiveCfg = Release|Any CPU
		{C52F4388-422E-453B-AECF-7678A92B970E}.Release|Any CPU.Build.0 = Release|Any CPU
	EndGlobalSection
	GlobalSection(SolutionProperties) = preSolution
		HideSolutionNode = FALSE
	EndGlobalSection
	GlobalSection(ExtensibilityGlobals) = postSolution
		SolutionGuid = {5572F799-415C-4126-9FDE-2A65F8015B33}
	EndGlobalSection
EndGlobal
